
Microsoft Visual Studio Solution File, Format Version 12.00
# Visual Studio Version 17
VisualStudioVersion = 17.5.002.0
MinimumVisualStudioVersion = 10.0.40219.1
Project("{9A19103F-16F7-4668-BE54-9A1E7A4F7556}") = "imitandodory", "imitandodory.csproj", "{6E324E69-98BD-40A6-9EA0-0C8A9D47A02D}"
EndProject
Global
	GlobalSection(SolutionConfigurationPlatforms) = preSolution
		Debug|Any CPU = Debug|Any CPU
		Release|Any CPU = Release|Any CPU
	EndGlobalSection
	GlobalSection(ProjectConfigurationPlatforms) = postSolution
		{6E324E69-98BD-40A6-9EA0-0C8A9D47A02D}.Debug|Any CPU.ActiveCfg = Debug|Any CPU
		{6E324E69-98BD-40A6-9EA0-0C8A9D47A02D}.Debug|Any CPU.Build.0 = Debug|Any CPU
		{6E324E69-98BD-40A6-9EA0-0C8A9D47A02D}.Release|Any CPU.ActiveCfg = Release|Any CPU
		{6E324E69-98BD-40A6-9EA0-0C8A9D47A02D}.Release|Any CPU.Build.0 = Release|Any CPU
	EndGlobalSection
	GlobalSection(SolutionProperties) = preSolution
		HideSolutionNode = FALSE
	EndGlobalSection
	GlobalSection(ExtensibilityGlobals) = postSolution
		SolutionGuid = {FF521A0E-9136-4F3B-8591-50D3084E9B67}
	EndGlobalSection
EndGlobal
